
Microsoft Visual Studio Solution File, Format Version 12.00
# Visual Studio Version 16
VisualStudioVersion = 16.0.32002.261
MinimumVisualStudioVersion = 10.0.40219.1
Project("{FAE04EC0-301F-11D3-BF4B-00C04F79EFBC}") = "ASP pr1", "ASP pr1.csproj", "{AC7EDA29-0285-40E3-8F59-4C59F55395FD}"
EndProject
Global
	GlobalSection(SolutionConfigurationPlatforms) = preSolution
		Debug|Any CPU = Debug|Any CPU
		Release|Any CPU = Release|Any CPU
	EndGlobalSection
	GlobalSection(ProjectConfigurationPlatforms) = postSolution
		{AC7EDA29-0285-40E3-8F59-4C59F55395FD}.Debug|Any CPU.ActiveCfg = Debug|Any CPU
		{AC7EDA29-0285-40E3-8F59-4C59F55395FD}.Debug|Any CPU.Build.0 = Debug|Any CPU
		{AC7EDA29-0285-40E3-8F59-4C59F55395FD}.Release|Any CPU.ActiveCfg = Release|Any CPU
		{AC7EDA29-0285-40E3-8F59-4C59F55395FD}.Release|Any CPU.Build.0 = Release|Any CPU
	EndGlobalSection
	GlobalSection(SolutionProperties) = preSolution
		HideSolutionNode = FALSE
	EndGlobalSection
	GlobalSection(ExtensibilityGlobals) = postSolution
		SolutionGuid = {905E7355-34A4-43EB-892A-CCE12EFF76DF}
	EndGlobalSection
EndGlobal
